// !$*UTF8*$!
{
	archiveVersion = 1;
	classes = {
	};
	objectVersion = 77;
	objects = {

/* Begin PBXContainerItemProxy section */
		1428D1BF2CB0A1510010C3AB /* PBXContainerItemProxy */ = {
			isa = PBXContainerItemProxy;
			containerPortal = 1428D1A62CB0A14F0010C3AB /* Project object */;
			proxyType = 1;
			remoteGlobalIDString = 1428D1AD2CB0A14F0010C3AB;
			remoteInfo = Pray;
		};
		1428D1C92CB0A1510010C3AB /* PBXContainerItemProxy */ = {
			isa = PBXContainerItemProxy;
			containerPortal = 1428D1A62CB0A14F0010C3AB /* Project object */;
			proxyType = 1;
			remoteGlobalIDString = 1428D1AD2CB0A14F0010C3AB;
			remoteInfo = Pray;
		};
/* End PBXContainerItemProxy section */

/* Begin PBXFileReference section */
		1428D1AE2CB0A14F0010C3AB /* Pray.app */ = {isa = PBXFileReference; explicitFileType = wrapper.application; includeInIndex = 0; path = Pray.app; sourceTree = BUILT_PRODUCTS_DIR; };
		1428D1BE2CB0A1510010C3AB /* PrayTests.xctest */ = {isa = PBXFileReference; explicitFileType = wrapper.cfbundle; includeInIndex = 0; path = PrayTests.xctest; sourceTree = BUILT_PRODUCTS_DIR; };
		1428D1C82CB0A1510010C3AB /* PrayUITests.xctest */ = {isa = PBXFileReference; explicitFileType = wrapper.cfbundle; includeInIndex = 0; path = PrayUITests.xctest; sourceTree = BUILT_PRODUCTS_DIR; };
/* End PBXFileReference section */

/* Begin PBXFileSystemSynchronizedRootGroup section */
		1428D1B02CB0A14F0010C3AB /* Pray */ = {
			isa = PBXFileSystemSynchronizedRootGroup;
			path = Pray;
			sourceTree = "<group>";
		};
		1428D1C12CB0A1510010C3AB /* PrayTests */ = {
			isa = PBXFileSystemSynchronizedRootGroup;
			path = PrayTests;
			sourceTree = "<group>";
		};
		1428D1CB2CB0A1510010C3AB /* PrayUITests */ = {
			isa = PBXFileSystemSynchronizedRootGroup;
			path = PrayUITests;
			sourceTree = "<group>";
		};
/* End PBXFileSystemSynchronizedRootGroup section */

/* Begin PBXFrameworksBuildPhase section */
		1428D1AB2CB0A14F0010C3AB /* Frameworks */ = {
			isa = PBXFrameworksBuildPhase;
			buildActionMask = 2147483647;
			files = (
			);
			runOnlyForDeploymentPostprocessing = 0;
		};
		1428D1BB2CB0A1510010C3AB /* Frameworks */ = {
			isa = PBXFrameworksBuildPhase;
			buildActionMask = 2147483647;
			files = (
			);
			runOnlyForDeploymentPostprocessing = 0;
		};
		1428D1C52CB0A1510010C3AB /* Frameworks */ = {
			isa = PBXFrameworksBuildPhase;
			buildActionMask = 2147483647;
			files = (
			);
			runOnlyForDeploymentPostprocessing = 0;
		};
/* End PBXFrameworksBuildPhase section */

/* Begin PBXGroup section */
		1428D1A52CB0A14F0010C3AB = {
			isa = PBXGroup;
			children = (
				1428D1B02CB0A14F0010C3AB /* Pray */,
				1428D1C12CB0A1510010C3AB /* PrayTests */,
				1428D1CB2CB0A1510010C3AB /* PrayUITests */,
				1428D1AF2CB0A14F0010C3AB /* Products */,
			);
			sourceTree = "<group>";
		};
		1428D1AF2CB0A14F0010C3AB /* Products */ = {
			isa = PBXGroup;
			children = (
				1428D1AE2CB0A14F0010C3AB /* Pray.app */,
				1428D1BE2CB0A1510010C3AB /* PrayTests.xctest */,
				1428D1C82CB0A1510010C3AB /* PrayUITests.xctest */,
			);
			name = Products;
			sourceTree = "<group>";
		};
/* End PBXGroup section */

/* Begin PBXNativeTarget section */
		1428D1AD2CB0A14F0010C3AB /* Pray */ = {
			isa = PBXNativeTarget;
			buildConfigurationList = 1428D1D22CB0A1510010C3AB /* Build configuration list for PBXNativeTarget "Pray" */;
			buildPhases = (
				1428D1AA2CB0A14F0010C3AB /* Sources */,
				1428D1AB2CB0A14F0010C3AB /* Frameworks */,
				1428D1AC2CB0A14F0010C3AB /* Resources */,
			);
			buildRules = (
			);
			dependencies = (
			);
			fileSystemSynchronizedGroups = (
				1428D1B02CB0A14F0010C3AB /* Pray */,
			);
			name = Pray;
			packageProductDependencies = (
			);
			productName = Pray;
			productReference = 1428D1AE2CB0A14F0010C3AB /* Pray.app */;
			productType = "com.apple.product-type.application";
		};
		1428D1BD2CB0A1510010C3AB /* PrayTests */ = {
			isa = PBXNativeTarget;
			buildConfigurationList = 1428D1D52CB0A1510010C3AB /* Build configuration list for PBXNativeTarget "PrayTests" */;
			buildPhases = (
				1428D1BA2CB0A1510010C3AB /* Sources */,
				1428D1BB2CB0A1510010C3AB /* Frameworks */,
				1428D1BC2CB0A1510010C3AB /* Resources */,
			);
			buildRules = (
			);
			dependencies = (
				1428D1C02CB0A1510010C3AB /* PBXTargetDependency */,
			);
			fileSystemSynchronizedGroups = (
				1428D1C12CB0A1510010C3AB /* PrayTests */,
			);
			name = PrayTests;
			packageProductDependencies = (
			);
			productName = PrayTests;
			productReference = 1428D1BE2CB0A1510010C3AB /* PrayTests.xctest */;
			productType = "com.apple.product-type.bundle.unit-test";
		};
		1428D1C72CB0A1510010C3AB /* PrayUITests */ = {
			isa = PBXNativeTarget;
			buildConfigurationList = 1428D1D82CB0A1510010C3AB /* Build configuration list for PBXNativeTarget "PrayUITests" */;
			buildPhases = (
				1428D1C42CB0A1510010C3AB /* Sources */,
				1428D1C52CB0A1510010C3AB /* Frameworks */,
				1428D1C62CB0A1510010C3AB /* Resources */,
			);
			buildRules = (
			);
			dependencies = (
				1428D1CA2CB0A1510010C3AB /* PBXTargetDependency */,
			);
			fileSystemSynchronizedGroups = (
				1428D1CB2CB0A1510010C3AB /* PrayUITests */,
			);
			name = PrayUITests;
			packageProductDependencies = (
			);
			productName = PrayUITests;
			productReference = 1428D1C82CB0A1510010C3AB /* PrayUITests.xctest */;
			productType = "com.apple.product-type.bundle.ui-testing";
		};
/* End PBXNativeTarget section */

/* Begin PBXProject section */
		1428D1A62CB0A14F0010C3AB /* Project object */ = {
			isa = PBXProject;
			attributes = {
				BuildIndependentTargetsInParallel = 1;
				LastSwiftUpdateCheck = 1600;
				LastUpgradeCheck = 1600;
				TargetAttributes = {
					1428D1AD2CB0A14F0010C3AB = {
						CreatedOnToolsVersion = 16.0;
					};
					1428D1BD2CB0A1510010C3AB = {
						CreatedOnToolsVersion = 16.0;
						TestTargetID = 1428D1AD2CB0A14F0010C3AB;
					};
					1428D1C72CB0A1510010C3AB = {
						CreatedOnToolsVersion = 16.0;
						TestTargetID = 1428D1AD2CB0A14F0010C3AB;
					};
				};
			};
			buildConfigurationList = 1428D1A92CB0A14F0010C3AB /* Build configuration list for PBXProject "Pray" */;
			developmentRegion = en;
			hasScannedForEncodings = 0;
			knownRegions = (
				en,
				Base,
			);
			mainGroup = 1428D1A52CB0A14F0010C3AB;
			minimizedProjectReferenceProxies = 1;
			preferredProjectObjectVersion = 77;
			productRefGroup = 1428D1AF2CB0A14F0010C3AB /* Products */;
			projectDirPath = "";
			projectRoot = "";
			targets = (
				1428D1AD2CB0A14F0010C3AB /* Pray */,
				1428D1BD2CB0A1510010C3AB /* PrayTests */,
				1428D1C72CB0A1510010C3AB /* PrayUITests */,
			);
		};
/* End PBXProject section */

/* Begin PBXResourcesBuildPhase section */
		1428D1AC2CB0A14F0010C3AB /* Resources */ = {
			isa = PBXResourcesBuildPhase;
			buildActionMask = 2147483647;
			files = (
			);
			runOnlyForDeploymentPostprocessing = 0;
		};
		1428D1BC2CB0A1510010C3AB /* Resources */ = {
			isa = PBXResourcesBuildPhase;
			buildActionMask = 2147483647;
			files = (
			);
			runOnlyForDeploymentPostprocessing = 0;
		};
		1428D1C62CB0A1510010C3AB /* Resources */ = {
			isa = PBXResourcesBuildPhase;
			buildActionMask = 2147483647;
			files = (
			);
			runOnlyForDeploymentPostprocessing = 0;
		};
/* End PBXResourcesBuildPhase section */

/* Begin PBXSourcesBuildPhase section */
		1428D1AA2CB0A14F0010C3AB /* Sources */ = {
			isa = PBXSourcesBuildPhase;
			buildActionMask = 2147483647;
			files = (
			);
			runOnlyForDeploymentPostprocessing = 0;
		};
		1428D1BA2CB0A1510010C3AB /* Sources */ = {
			isa = PBXSourcesBuildPhase;
			buildActionMask = 2147483647;
			files = (
			);
			runOnlyForDeploymentPostprocessing = 0;
		};
		1428D1C42CB0A1510010C3AB /* Sources */ = {
			isa = PBXSourcesBuildPhase;
			buildActionMask = 2147483647;
			files = (
			);
			runOnlyForDeploymentPostprocessing = 0;
		};
/* End PBXSourcesBuildPhase section */

/* Begin PBXTargetDependency section */
		1428D1C02CB0A1510010C3AB /* PBXTargetDependency */ = {
			isa = PBXTargetDependency;
			target = 1428D1AD2CB0A14F0010C3AB /* Pray */;
			targetProxy = 1428D1BF2CB0A1510010C3AB /* PBXContainerItemProxy */;
		};
		1428D1CA2CB0A1510010C3AB /* PBXTargetDependency */ = {
			isa = PBXTargetDependency;
			target = 1428D1AD2CB0A14F0010C3AB /* Pray */;
			targetProxy = 1428D1C92CB0A1510010C3AB /* PBXContainerItemProxy */;
		};
/* End PBXTargetDependency section */

/* Begin XCBuildConfiguration section */
		1428D1D02CB0A1510010C3AB /* Debug */ = {
			isa = XCBuildConfiguration;
			buildSettings = {
				ALWAYS_SEARCH_USER_PATHS = NO;
				ASSETCATALOG_COMPILER_GENERATE_SWIFT_ASSET_SYMBOL_EXTENSIONS = YES;
				CLANG_ANALYZER_NONNULL = YES;
				CLANG_ANALYZER_NUMBER_OBJECT_CONVERSION = YES_AGGRESSIVE;
				CLANG_CXX_LANGUAGE_STANDARD = "gnu++20";
				CLANG_ENABLE_MODULES = YES;
				CLANG_ENABLE_OBJC_ARC = YES;
				CLANG_ENABLE_OBJC_WEAK = YES;
				CLANG_WARN_BLOCK_CAPTURE_AUTORELEASING = YES;
				CLANG_WARN_BOOL_CONVERSION = YES;
				CLANG_WARN_COMMA = YES;
				CLANG_WARN_CONSTANT_CONVERSION = YES;
				CLANG_WARN_DEPRECATED_OBJC_IMPLEMENTATIONS = YES;
				CLANG_WARN_DIRECT_OBJC_ISA_USAGE = YES_ERROR;
				CLANG_WARN_DOCUMENTATION_COMMENTS = YES;
				CLANG_WARN_EMPTY_BODY = YES;
				CLANG_WARN_ENUM_CONVERSION = YES;
				CLANG_WARN_INFINITE_RECURSION = YES;
				CLANG_WARN_INT_CONVERSION = YES;
				CLANG_WARN_NON_LITERAL_NULL_CONVERSION = YES;
				CLANG_WARN_OBJC_IMPLICIT_RETAIN_SELF = YES;
				CLANG_WARN_OBJC_LITERAL_CONVERSION = YES;
				CLANG_WARN_OBJC_ROOT_CLASS = YES_ERROR;
				CLANG_WARN_QUOTED_INCLUDE_IN_FRAMEWORK_HEADER = YES;
				CLANG_WARN_RANGE_LOOP_ANALYSIS = YES;
				CLANG_WARN_STRICT_PROTOTYPES = YES;
				CLANG_WARN_SUSPICIOUS_MOVE = YES;
				CLANG_WARN_UNGUARDED_AVAILABILITY = YES_AGGRESSIVE;
				CLANG_WARN_UNREACHABLE_CODE = YES;
				CLANG_WARN__DUPLICATE_METHOD_MATCH = YES;
				COPY_PHASE_STRIP = NO;
				DEBUG_INFORMATION_FORMAT = dwarf;
				ENABLE_STRICT_OBJC_MSGSEND = YES;
				ENABLE_TESTABILITY = YES;
				ENABLE_USER_SCRIPT_SANDBOXING = YES;
				GCC_C_LANGUAGE_STANDARD = gnu17;
				GCC_DYNAMIC_NO_PIC = NO;
				GCC_NO_COMMON_BLOCKS = YES;
				GCC_OPTIMIZATION_LEVEL = 0;
				GCC_PREPROCESSOR_DEFINITIONS = (
					"DEBUG=1",
					"$(inherited)",
				);
				GCC_WARN_64_TO_32_BIT_CONVERSION = YES;
				GCC_WARN_ABOUT_RETURN_TYPE = YES_ERROR;
				GCC_WARN_UNDECLARED_SELECTOR = YES;
				GCC_WARN_UNINITIALIZED_AUTOS = YES_AGGRESSIVE;
				GCC_WARN_UNUSED_FUNCTION = YES;
				GCC_WARN_UNUSED_VARIABLE = YES;
				IPHONEOS_DEPLOYMENT_TARGET = 18.0;
				LOCALIZATION_PREFERS_STRING_CATALOGS = YES;
				MTL_ENABLE_DEBUG_INFO = INCLUDE_SOURCE;
				MTL_FAST_MATH = YES;
				ONLY_ACTIVE_ARCH = YES;
				SDKROOT = iphoneos;
				SWIFT_ACTIVE_COMPILATION_CONDITIONS = "DEBUG $(inherited)";
				SWIFT_OPTIMIZATION_LEVEL = "-Onone";
			};
			name = Debug;
		};
		1428D1D12CB0A1510010C3AB /* Release */ = {
			isa = XCBuildConfiguration;
			buildSettings = {
				ALWAYS_SEARCH_USER_PATHS = NO;
				ASSETCATALOG_COMPILER_GENERATE_SWIFT_ASSET_SYMBOL_EXTENSIONS = YES;
				CLANG_ANALYZER_NONNULL = YES;
				CLANG_ANALYZER_NUMBER_OBJECT_CONVERSION = YES_AGGRESSIVE;
				CLANG_CXX_LANGUAGE_STANDARD = "gnu++20";
				CLANG_ENABLE_MODULES = YES;
				CLANG_ENABLE_OBJC_ARC = YES;
				CLANG_ENABLE_OBJC_WEAK = YES;
				CLANG_WARN_BLOCK_CAPTURE_AUTORELEASING = YES;
				CLANG_WARN_BOOL_CONVERSION = YES;
				CLANG_WARN_COMMA = YES;
				CLANG_WARN_CONSTANT_CONVERSION = YES;
				CLANG_WARN_DEPRECATED_OBJC_IMPLEMENTATIONS = YES;
				CLANG_WARN_DIRECT_OBJC_ISA_USAGE = YES_ERROR;
				CLANG_WARN_DOCUMENTATION_COMMENTS = YES;
				CLANG_WARN_EMPTY_BODY = YES;
				CLANG_WARN_ENUM_CONVERSION = YES;
				CLANG_WARN_INFINITE_RECURSION = YES;
				CLANG_WARN_INT_CONVERSION = YES;
				CLANG_WARN_NON_LITERAL_NULL_CONVERSION = YES;
				CLANG_WARN_OBJC_IMPLICIT_RETAIN_SELF = YES;
				CLANG_WARN_OBJC_LITERAL_CONVERSION = YES;
				CLANG_WARN_OBJC_ROOT_CLASS = YES_ERROR;
				CLANG_WARN_QUOTED_INCLUDE_IN_FRAMEWORK_HEADER = YES;
				CLANG_WARN_RANGE_LOOP_ANALYSIS = YES;
				CLANG_WARN_STRICT_PROTOTYPES = YES;
				CLANG_WARN_SUSPICIOUS_MOVE = YES;
				CLANG_WARN_UNGUARDED_AVAILABILITY = YES_AGGRESSIVE;
				CLANG_WARN_UNREACHABLE_CODE = YES;
				CLANG_WARN__DUPLICATE_METHOD_MATCH = YES;
				COPY_PHASE_STRIP = NO;
				DEBUG_INFORMATION_FORMAT = "dwarf-with-dsym";
				ENABLE_NS_ASSERTIONS = NO;
				ENABLE_STRICT_OBJC_MSGSEND = YES;
				ENABLE_USER_SCRIPT_SANDBOXING = YES;
				GCC_C_LANGUAGE_STANDARD = gnu17;
				GCC_NO_COMMON_BLOCKS = YES;
				GCC_WARN_64_TO_32_BIT_CONVERSION = YES;
				GCC_WARN_ABOUT_RETURN_TYPE = YES_ERROR;
				GCC_WARN_UNDECLARED_SELECTOR = YES;
				GCC_WARN_UNINITIALIZED_AUTOS = YES_AGGRESSIVE;
				GCC_WARN_UNUSED_FUNCTION = YES;
				GCC_WARN_UNUSED_VARIABLE = YES;
				IPHONEOS_DEPLOYMENT_TARGET = 18.0;
				LOCALIZATION_PREFERS_STRING_CATALOGS = YES;
				MTL_ENABLE_DEBUG_INFO = NO;
				MTL_FAST_MATH = YES;
				SDKROOT = iphoneos;
				SWIFT_COMPILATION_MODE = wholemodule;
				VALIDATE_PRODUCT = YES;
			};
			name = Release;
		};
		1428D1D32CB0A1510010C3AB /* Debug */ = {
			isa = XCBuildConfiguration;
			buildSettings = {
				ASSETCATALOG_COMPILER_APPICON_NAME = AppIcon;
				ASSETCATALOG_COMPILER_GLOBAL_ACCENT_COLOR_NAME = AccentColor;
				CODE_SIGN_STYLE = Automatic;
				CURRENT_PROJECT_VERSION = 1;
				DEVELOPMENT_ASSET_PATHS = "\"Pray/Preview Content\"";
				DEVELOPMENT_TEAM = 62SYWB53T7;
				ENABLE_PREVIEWS = YES;
				GENERATE_INFOPLIST_FILE = YES;
				INFOPLIST_KEY_UIApplicationSceneManifest_Generation = YES;
				INFOPLIST_KEY_UIApplicationSupportsIndirectInputEvents = YES;
				INFOPLIST_KEY_UILaunchScreen_Generation = YES;
				INFOPLIST_KEY_UISupportedInterfaceOrientations_iPad = "UIInterfaceOrientationPortrait UIInterfaceOrientationPortraitUpsideDown UIInterfaceOrientationLandscapeLeft UIInterfaceOrientationLandscapeRight";
				INFOPLIST_KEY_UISupportedInterfaceOrientations_iPhone = "UIInterfaceOrientationPortrait UIInterfaceOrientationLandscapeLeft UIInterfaceOrientationLandscapeRight";
				LD_RUNPATH_SEARCH_PATHS = (
					"$(inherited)",
					"@executable_path/Frameworks",
				);
				MARKETING_VERSION = 1.0;
				PRODUCT_BUNDLE_IDENTIFIER = Manny.Pray;
				PRODUCT_NAME = "$(TARGET_NAME)";
				SWIFT_EMIT_LOC_STRINGS = YES;
				SWIFT_VERSION = 5.0;
				TARGETED_DEVICE_FAMILY = "1,2";
			};
			name = Debug;
		};
		1428D1D42CB0A1510010C3AB /* Release */ = {
			isa = XCBuildConfiguration;
			buildSettings = {
				ASSETCATALOG_COMPILER_APPICON_NAME = AppIcon;
				ASSETCATALOG_COMPILER_GLOBAL_ACCENT_COLOR_NAME = AccentColor;
				CODE_SIGN_STYLE = Automatic;
				CURRENT_PROJECT_VERSION = 1;
				DEVELOPMENT_ASSET_PATHS = "\"Pray/Preview Content\"";
				DEVELOPMENT_TEAM = 62SYWB53T7;
				ENABLE_PREVIEWS = YES;
				GENERATE_INFOPLIST_FILE = YES;
				INFOPLIST_KEY_UIApplicationSceneManifest_Generation = YES;
				INFOPLIST_KEY_UIApplicationSupportsIndirectInputEvents = YES;
				INFOPLIST_KEY_UILaunchScreen_Generation = YES;
				INFOPLIST_KEY_UISupportedInterfaceOrientations_iPad = "UIInterfaceOrientationPortrait UIInterfaceOrientationPortraitUpsideDown UIInterfaceOrientationLandscapeLeft UIInterfaceOrientationLandscapeRight";
				INFOPLIST_KEY_UISupportedInterfaceOrientations_iPhone = "UIInterfaceOrientationPortrait UIInterfaceOrientationLandscapeLeft UIInterfaceOrientationLandscapeRight";
				LD_RUNPATH_SEARCH_PATHS = (
					"$(inherited)",
					"@executable_path/Frameworks",
				);
				MARKETING_VERSION = 1.0;
				PRODUCT_BUNDLE_IDENTIFIER = Manny.Pray;
				PRODUCT_NAME = "$(TARGET_NAME)";
				SWIFT_EMIT_LOC_STRINGS = YES;
				SWIFT_VERSION = 5.0;
				TARGETED_DEVICE_FAMILY = "1,2";
			};
			name = Release;
		};
		1428D1D62CB0A1510010C3AB /* Debug */ = {
			isa = XCBuildConfiguration;
			buildSettings = {
				BUNDLE_LOADER = "$(TEST_HOST)";
				CODE_SIGN_STYLE = Automatic;
				CURRENT_PROJECT_VERSION = 1;
				GENERATE_INFOPLIST_FILE = YES;
				IPHONEOS_DEPLOYMENT_TARGET = 18.0;
				MARKETING_VERSION = 1.0;
				PRODUCT_BUNDLE_IDENTIFIER = Manny.PrayTests;
				PRODUCT_NAME = "$(TARGET_NAME)";
				SWIFT_EMIT_LOC_STRINGS = NO;
				SWIFT_VERSION = 5.0;
				TARGETED_DEVICE_FAMILY = "1,2";
				TEST_HOST = "$(BUILT_PRODUCTS_DIR)/Pray.app/$(BUNDLE_EXECUTABLE_FOLDER_PATH)/Pray";
			};
			name = Debug;
		};
		1428D1D72CB0A1510010C3AB /* Release */ = {
			isa = XCBuildConfiguration;
			buildSettings = {
				BUNDLE_LOADER = "$(TEST_HOST)";
				CODE_SIGN_STYLE = Automatic;
				CURRENT_PROJECT_VERSION = 1;
				GENERATE_INFOPLIST_FILE = YES;
				IPHONEOS_DEPLOYMENT_TARGET = 18.0;
				MARKETING_VERSION = 1.0;
				PRODUCT_BUNDLE_IDENTIFIER = Manny.PrayTests;
				PRODUCT_NAME = "$(TARGET_NAME)";
				SWIFT_EMIT_LOC_STRINGS = NO;
				SWIFT_VERSION = 5.0;
				TARGETED_DEVICE_FAMILY = "1,2";
				TEST_HOST = "$(BUILT_PRODUCTS_DIR)/Pray.app/$(BUNDLE_EXECUTABLE_FOLDER_PATH)/Pray";
			};
			name = Release;
		};
		1428D1D92CB0A1510010C3AB /* Debug */ = {
			isa = XCBuildConfiguration;
			buildSettings = {
				CODE_SIGN_STYLE = Automatic;
				CURRENT_PROJECT_VERSION = 1;
				GENERATE_INFOPLIST_FILE = YES;
				MARKETING_VERSION = 1.0;
				PRODUCT_BUNDLE_IDENTIFIER = Manny.PrayUITests;
				PRODUCT_NAME = "$(TARGET_NAME)";
				SWIFT_EMIT_LOC_STRINGS = NO;
				SWIFT_VERSION = 5.0;
				TARGETED_DEVICE_FAMILY = "1,2";
				TEST_TARGET_NAME = Pray;
			};
			name = Debug;
		};
		1428D1DA2CB0A1510010C3AB /* Release */ = {
			isa = XCBuildConfiguration;
			buildSettings = {
				CODE_SIGN_STYLE = Automatic;
				CURRENT_PROJECT_VERSION = 1;
				GENERATE_INFOPLIST_FILE = YES;
				MARKETING_VERSION = 1.0;
				PRODUCT_BUNDLE_IDENTIFIER = Manny.PrayUITests;
				PRODUCT_NAME = "$(TARGET_NAME)";
				SWIFT_EMIT_LOC_STRINGS = NO;
				SWIFT_VERSION = 5.0;
				TARGETED_DEVICE_FAMILY = "1,2";
				TEST_TARGET_NAME = Pray;
			};
			name = Release;
		};
/* End XCBuildConfiguration section */

/* Begin XCConfigurationList section */
		1428D1A92CB0A14F0010C3AB /* Build configuration list for PBXProject "Pray" */ = {
			isa = XCConfigurationList;
			buildConfigurations = (
				1428D1D02CB0A1510010C3AB /* Debug */,
				1428D1D12CB0A1510010C3AB /* Release */,
			);
			defaultConfigurationIsVisible = 0;
			defaultConfigurationName = Release;
		};
		1428D1D22CB0A1510010C3AB /* Build configuration list for PBXNativeTarget "Pray" */ = {
			isa = XCConfigurationList;
			buildConfigurations = (
				1428D1D32CB0A1510010C3AB /* Debug */,
				1428D1D42CB0A1510010C3AB /* Release */,
			);
			defaultConfigurationIsVisible = 0;
			defaultConfigurationName = Release;
		};
		1428D1D52CB0A1510010C3AB /* Build configuration list for PBXNativeTarget "PrayTests" */ = {
			isa = XCConfigurationList;
			buildConfigurations = (
				1428D1D62CB0A1510010C3AB /* Debug */,
				1428D1D72CB0A1510010C3AB /* Release */,
			);
			defaultConfigurationIsVisible = 0;
			defaultConfigurationName = Release;
		};
		1428D1D82CB0A1510010C3AB /* Build configuration list for PBXNativeTarget "PrayUITests" */ = {
			isa = XCConfigurationList;
			buildConfigurations = (
				1428D1D92CB0A1510010C3AB /* Debug */,
				1428D1DA2CB0A1510010C3AB /* Release */,
			);
			defaultConfigurationIsVisible = 0;
			defaultConfigurationName = Release;
		};
/* End XCConfigurationList section */
	};
	rootObject = 1428D1A62CB0A14F0010C3AB /* Project object */;
}
